
Microsoft Visual Studio Solution File, Format Version 10.00
# Visual Studio 2008
Project("{FAE04EC0-301F-11D3-BF4B-00C04F79EFBC}") = "GSync", "GSync\GSync.csproj", "{758BF30F-9CAE-42FC-A8A2-C460E8F77798}"
EndProject
Global
	GlobalSection(SolutionConfigurationPlatforms) = preSolution
		Debug|Any CPU = Debug|Any CPU
		Release|Any CPU = Release|Any CPU
	EndGlobalSection
	GlobalSection(ProjectConfigurationPlatforms) = postSolution
		{758BF30F-9CAE-42FC-A8A2-C460E8F77798}.Debug|Any CPU.ActiveCfg = Debug|Any CPU
		{758BF30F-9CAE-42FC-A8A2-C460E8F77798}.Debug|Any CPU.Build.0 = Debug|Any CPU
		{758BF30F-9CAE-42FC-A8A2-C460E8F77798}.Release|Any CPU.ActiveCfg = Release|Any CPU
		{758BF30F-9CAE-42FC-A8A2-C460E8F77798}.Release|Any CPU.Build.0 = Release|Any CPU
	EndGlobalSection
	GlobalSection(SolutionProperties) = preSolution
		HideSolutionNode = FALSE
	EndGlobalSection
EndGlobal
