
Microsoft Visual Studio Solution File, Format Version 10.00
# Visual Studio 2008
Project("{FAE04EC0-301F-11D3-BF4B-00C04F79EFBC}") = "WPF_MTPhotoApp", "WPF_MTPhotoApp\WPF_MTPhotoApp.csproj", "{B2A6CB82-57F6-4C5E-8D93-7298B9DEF4DF}"
EndProject
Global
	GlobalSection(SolutionConfigurationPlatforms) = preSolution
		Debug|Any CPU = Debug|Any CPU
		Release|Any CPU = Release|Any CPU
	EndGlobalSection
	GlobalSection(ProjectConfigurationPlatforms) = postSolution
		{B2A6CB82-57F6-4C5E-8D93-7298B9DEF4DF}.Debug|Any CPU.ActiveCfg = Debug|Any CPU
		{B2A6CB82-57F6-4C5E-8D93-7298B9DEF4DF}.Debug|Any CPU.Build.0 = Debug|Any CPU
		{B2A6CB82-57F6-4C5E-8D93-7298B9DEF4DF}.Release|Any CPU.ActiveCfg = Release|Any CPU
		{B2A6CB82-57F6-4C5E-8D93-7298B9DEF4DF}.Release|Any CPU.Build.0 = Release|Any CPU
	EndGlobalSection
	GlobalSection(SolutionProperties) = preSolution
		HideSolutionNode = FALSE
	EndGlobalSection
EndGlobal
